{
  "name": "openagent",
  "version": "0.1.0",
  "lockfileVersion": 3,
  "requires": true,
  "packages": {
    "": {
      "name": "openagent",
      "version": "0.1.0",
      "license": "MIT",
      "dependencies": {
        "@ast-grep/cli": "^0.42.1",
        "@github/copilot": "^1.0.32",
        "@github/copilot-sdk": "^0.2.2",
        "jsonc-parser": "^3.3.1"
      },
      "devDependencies": {
        "@types/node": "^25.6.0",
        "typescript": "^6.0.3"
      },
      "engines": {
        "node": ">=20.0.0"
      }
    },
    "node_modules/@ast-grep/cli": {
      "version": "0.42.1",
      "resolved": "https://registry.npmjs.org/@ast-grep/cli/-/cli-0.42.1.tgz",
      "integrity": "sha512-L1D7JX7p/RohtvE4IViKelWCtEYjQDvmlZ85aP4LmJVoQth/iC/+z/fCXmg6qSK8zr9IjC9okpxDZX7x1arKbQ==",
      "hasInstallScript": true,
      "license": "MIT",
      "dependencies": {
        "detect-libc": "2.1.2"
      },
      "bin": {
        "ast-grep": "ast-grep",
        "sg": "sg"
      },
      "engines": {
        "node": ">= 12.0.0"
      },
      "optionalDependencies": {
        "@ast-grep/cli-darwin-arm64": "0.42.1",
        "@ast-grep/cli-darwin-x64": "0.42.1",
        "@ast-grep/cli-linux-arm64-gnu": "0.42.1",
        "@ast-grep/cli-linux-x64-gnu": "0.42.1",
        "@ast-grep/cli-win32-arm64-msvc": "0.42.1",
        "@ast-grep/cli-win32-ia32-msvc": "0.42.1",
        "@ast-grep/cli-win32-x64-msvc": "0.42.1"
      }
    },
    "node_modules/@ast-grep/cli-darwin-arm64": {
      "version": "0.42.1",
      "resolved": "https://registry.npmjs.org/@ast-grep/cli-darwin-arm64/-/cli-darwin-arm64-0.42.1.tgz",
      "integrity": "sha512-G9rk0NAN10mybxi611CVNqwPtPO+yF0rFqPzpdgHBa4roeCq5FYsg2q/WqxM95st3jilNS9UIfZFD0i3BDfKEw==",
      "cpu": [
        "arm64"
      ],
      "license": "MIT",
      "optional": true,
      "os": [
        "darwin"
      ],
      "engines": {
        "node": ">= 10"
      }
    },
    "node_modules/@ast-grep/cli-darwin-x64": {
      "version": "0.42.1",
      "resolved": "https://registry.npmjs.org/@ast-grep/cli-darwin-x64/-/cli-darwin-x64-0.42.1.tgz",
      "integrity": "sha512-IZ1HY69zj6sj4QnHKPR71FjtuCDImhLW5v5QhTGq6Fl0T9fjhQP/g9aEk7PrJB1puOk4HhTw/J/u0wZOPmp4bA==",
      "cpu": [
        "x64"
      ],
      "license": "MIT",
      "optional": true,
      "os": [
        "darwin"
      ],
      "engines": {
        "node": ">= 10"
      }
    },
    "node_modules/@ast-grep/cli-linux-arm64-gnu": {
      "version": "0.42.1",
      "resolved": "https://registry.npmjs.org/@ast-grep/cli-linux-arm64-gnu/-/cli-linux-arm64-gnu-0.42.1.tgz",
      "integrity": "sha512-eirVmtAciL1cXwvODYkqKEFtWgxxYyhNLTTNchdKynktFixuAmAvn0OUX0bcQnhXH5DgsdT4+1+CtvjuPc5uGQ==",
      "cpu": [
        "arm64"
      ],
      "libc": [
        "glibc"
      ],
      "license": "MIT",
      "optional": true,
      "os": [
        "linux"
      ],
      "engines": {
        "node": ">= 10"
      }
    },
    "node_modules/@ast-grep/cli-linux-x64-gnu": {
      "version": "0.42.1",
      "resolved": "https://registry.npmjs.org/@ast-grep/cli-linux-x64-gnu/-/cli-linux-x64-gnu-0.42.1.tgz",
      "integrity": "sha512-DrsV3+LkzwcaCw2AkLqM5o9ISaS4ZfJIL96RIdFRD+ydp5Mirsdw3aZdDmBqpa6nxt2NjMsFWgOivvzPiKzGAw==",
      "cpu": [
        "x64"
      ],
      "libc": [
        "glibc"
      ],
      "license": "MIT",
      "optional": true,
      "os": [
        "linux"
      ],
      "engines": {
        "node": ">= 10"
      }
    },
    "node_modules/@ast-grep/cli-win32-arm64-msvc": {
      "version": "0.42.1",
      "resolved": "https://registry.npmjs.org/@ast-grep/cli-win32-arm64-msvc/-/cli-win32-arm64-msvc-0.42.1.tgz",
      "integrity": "sha512-9DabeCAtOQEUTiCVB6fpoJ0mI21brEAa5oY2jjOzaz1SBwYuh9TPLnKBn8F+PYbUU/4Umyy26YwVg+xw4+J/Ug==",
      "cpu": [
        "arm64"
      ],
      "license": "MIT",
      "optional": true,
      "os": [
        "win32"
      ],
      "engines": {
        "node": ">= 10"
      }
    },
    "node_modules/@ast-grep/cli-win32-ia32-msvc": {
      "version": "0.42.1",
      "resolved": "https://registry.npmjs.org/@ast-grep/cli-win32-ia32-msvc/-/cli-win32-ia32-msvc-0.42.1.tgz",
      "integrity": "sha512-xQlxTwaqiCzOUZc5lB6rp/glS0DmQd67ID6MliRZ3TH1PvX+a3oiP+QEdSgcvfcArObuKxtRGNKlOfgwMe+J8Q==",
      "cpu": [
        "ia32"
      ],
      "license": "MIT",
      "optional": true,
      "os": [
        "win32"
      ],
      "engines": {
        "node": ">= 10"
      }
    },
    "node_modules/@ast-grep/cli-win32-x64-msvc": {
      "version": "0.42.1",
      "resolved": "https://registry.npmjs.org/@ast-grep/cli-win32-x64-msvc/-/cli-win32-x64-msvc-0.42.1.tgz",
      "integrity": "sha512-bOMSGeTKGfYBB1m+S0WLiA2GUkNVBaHOy+mKw27mf/kd6W2KNG3DJwAWry35qargLL0WP9PBcCaOkdnzeNyZ3A==",
      "cpu": [
        "x64"
      ],
      "license": "MIT",
      "optional": true,
      "os": [
        "win32"
      ],
      "engines": {
        "node": ">= 10"
      }
    },
    "node_modules/@github/copilot": {
      "version": "1.0.34",
      "resolved": "https://registry.npmjs.org/@github/copilot/-/copilot-1.0.34.tgz",
      "integrity": "sha512-jFYulj1v00b3j43Er9+WwhZ/XldGq7+gti2s2pRhrdPwYEd1PMvscDZwRa/1iUBz/XQ5HUGac1tD8P7+VUpWjg==",
      "license": "SEE LICENSE IN LICENSE.md",
      "bin": {
        "copilot": "npm-loader.js"
      },
      "optionalDependencies": {
        "@github/copilot-darwin-arm64": "1.0.34",
        "@github/copilot-darwin-x64": "1.0.34",
        "@github/copilot-linux-arm64": "1.0.34",
        "@github/copilot-linux-x64": "1.0.34",
        "@github/copilot-win32-arm64": "1.0.34",
        "@github/copilot-win32-x64": "1.0.34"
      }
    },
    "node_modules/@github/copilot-darwin-arm64": {
      "version": "1.0.34",
      "resolved": "https://registry.npmjs.org/@github/copilot-darwin-arm64/-/copilot-darwin-arm64-1.0.34.tgz",
      "integrity": "sha512-g94EhSLd3a6fckZ6xb/zP2DZJZEx7kONWdOoDiHXUtSqc4RiZ7OBq1EwT4WrPY1lsmy9sioJIcZSGzJd0C1M7Q==",
      "cpu": [
        "arm64"
      ],
      "license": "SEE LICENSE IN LICENSE.md",
      "optional": true,
      "os": [
        "darwin"
      ],
      "bin": {
        "copilot-darwin-arm64": "copilot"
      }
    },
    "node_modules/@github/copilot-darwin-x64": {
      "version": "1.0.34",
      "resolved": "https://registry.npmjs.org/@github/copilot-darwin-x64/-/copilot-darwin-x64-1.0.34.tgz",
      "integrity": "sha512-tIgFEZV0ohCF/VgTODJWre3xURsvEd+6IPN/HPKWxG6AXtJOxzjlr5kLYYdPHdNlHNmSxGQw8fWsN2FZ4nyDdw==",
      "cpu": [
        "x64"
      ],
      "license": "SEE LICENSE IN LICENSE.md",
      "optional": true,
      "os": [
        "darwin"
      ],
      "bin": {
        "copilot-darwin-x64": "copilot"
      }
    },
    "node_modules/@github/copilot-linux-arm64": {
      "version": "1.0.34",
      "resolved": "https://registry.npmjs.org/@github/copilot-linux-arm64/-/copilot-linux-arm64-1.0.34.tgz",
      "integrity": "sha512-feqjEetrlqBUhYskIsPmwACQOWO99cvRpKwIFl3OlEjWoj+//HA7yXh49UIe0gD8wQUI8hy05uVz3K2/xti2nQ==",
      "cpu": [
        "arm64"
      ],
      "license": "SEE LICENSE IN LICENSE.md",
      "optional": true,
      "os": [
        "linux"
      ],
      "bin": {
        "copilot-linux-arm64": "copilot"
      }
    },
    "node_modules/@github/copilot-linux-x64": {
      "version": "1.0.34",
      "resolved": "https://registry.npmjs.org/@github/copilot-linux-x64/-/copilot-linux-x64-1.0.34.tgz",
      "integrity": "sha512-3l0rZZqmceklHizJaaO+Iy2PsAZpVZS9Mn9VYnVcY/8Yzt4Y2hmXSFcKVfc4l+JlhFsPs7trhMdIkfwkjaKPLg==",
      "cpu": [
        "x64"
      ],
      "license": "SEE LICENSE IN LICENSE.md",
      "optional": true,
      "os": [
        "linux"
      ],
      "bin": {
        "copilot-linux-x64": "copilot"
      }
    },
    "node_modules/@github/copilot-sdk": {
      "version": "0.2.2",
      "resolved": "https://registry.npmjs.org/@github/copilot-sdk/-/copilot-sdk-0.2.2.tgz",
      "integrity": "sha512-VZCqS08YlUM90bUKJ7VLeIxgTTEHtfXBo84T1IUMNvXRREX2csjPH6Z+CPw3S2468RcCLvzBXcc9LtJJTLIWFw==",
      "license": "MIT",
      "dependencies": {
        "@github/copilot": "^1.0.21",
        "vscode-jsonrpc": "^8.2.1",
        "zod": "^4.3.6"
      },
      "engines": {
        "node": ">=20.0.0"
      }
    },
    "node_modules/@github/copilot-win32-arm64": {
      "version": "1.0.34",
      "resolved": "https://registry.npmjs.org/@github/copilot-win32-arm64/-/copilot-win32-arm64-1.0.34.tgz",
      "integrity": "sha512-06kEJO3iyohmAqF4iIbOxOfWLFSIpLDJ1L1oEHRtouMrH2Ll1wrUjsoQT1gXgBOv7rifl25qx/Avx5zKqvuORw==",
      "cpu": [
        "arm64"
      ],
      "license": "SEE LICENSE IN LICENSE.md",
      "optional": true,
      "os": [
        "win32"
      ],
      "bin": {
        "copilot-win32-arm64": "copilot.exe"
      }
    },
    "node_modules/@github/copilot-win32-x64": {
      "version": "1.0.34",
      "resolved": "https://registry.npmjs.org/@github/copilot-win32-x64/-/copilot-win32-x64-1.0.34.tgz",
      "integrity": "sha512-QLL8pS4q2TTyQbClEXxqXtQGPr4lk+pwc8hPMUL7iw7HGDOvs1WCLMT1ZSDPPcxSrTnR/dURX5za1NMA8uF/fw==",
      "cpu": [
        "x64"
      ],
      "license": "SEE LICENSE IN LICENSE.md",
      "optional": true,
      "os": [
        "win32"
      ],
      "bin": {
        "copilot-win32-x64": "copilot.exe"
      }
    },
    "node_modules/@types/node": {
      "version": "25.6.0",
      "resolved": "https://registry.npmjs.org/@types/node/-/node-25.6.0.tgz",
      "integrity": "sha512-+qIYRKdNYJwY3vRCZMdJbPLJAtGjQBudzZzdzwQYkEPQd+PJGixUL5QfvCLDaULoLv+RhT3LDkwEfKaAkgSmNQ==",
      "dev": true,
      "license": "MIT",
      "dependencies": {
        "undici-types": "~7.19.0"
      }
    },
    "node_modules/detect-libc": {
      "version": "2.1.2",
      "resolved": "https://registry.npmjs.org/detect-libc/-/detect-libc-2.1.2.tgz",
      "integrity": "sha512-Btj2BOOO83o3WyH59e8MgXsxEQVcarkUOpEYrubB0urwnN10yQ364rsiByU11nZlqWYZm05i/of7io4mzihBtQ==",
      "license": "Apache-2.0",
      "engines": {
        "node": ">=8"
      }
    },
    "node_modules/jsonc-parser": {
      "version": "3.3.1",
      "resolved": "https://registry.npmjs.org/jsonc-parser/-/jsonc-parser-3.3.1.tgz",
      "integrity": "sha512-HUgH65KyejrUFPvHFPbqOY0rsFip3Bo5wb4ngvdi1EpCYWUQDC5V+Y7mZws+DLkr4M//zQJoanu1SP+87Dv1oQ==",
      "license": "MIT"
    },
    "node_modules/typescript": {
      "version": "6.0.3",
      "resolved": "https://registry.npmjs.org/typescript/-/typescript-6.0.3.tgz",
      "integrity": "sha512-y2TvuxSZPDyQakkFRPZHKFm+KKVqIisdg9/CZwm9ftvKXLP8NRWj38/ODjNbr43SsoXqNuAisEf1GdCxqWcdBw==",
      "dev": true,
      "license": "Apache-2.0",
      "bin": {
        "tsc": "bin/tsc",
        "tsserver": "bin/tsserver"
      },
      "engines": {
        "node": ">=14.17"
      }
    },
    "node_modules/undici-types": {
      "version": "7.19.2",
      "resolved": "https://registry.npmjs.org/undici-types/-/undici-types-7.19.2.tgz",
      "integrity": "sha512-qYVnV5OEm2AW8cJMCpdV20CDyaN3g0AjDlOGf1OW4iaDEx8MwdtChUp4zu4H0VP3nDRF/8RKWH+IPp9uW0YGZg==",
      "dev": true,
      "license": "MIT"
    },
    "node_modules/vscode-jsonrpc": {
      "version": "8.2.1",
      "resolved": "https://registry.npmjs.org/vscode-jsonrpc/-/vscode-jsonrpc-8.2.1.tgz",
      "integrity": "sha512-kdjOSJ2lLIn7r1rtrMbbNCHjyMPfRnowdKjBQ+mGq6NAW5QY2bEZC/khaC5OR8svbbjvLEaIXkOq45e2X9BIbQ==",
      "license": "MIT",
      "engines": {
        "node": ">=14.0.0"
      }
    },
    "node_modules/zod": {
      "version": "4.3.6",
      "resolved": "https://registry.npmjs.org/zod/-/zod-4.3.6.tgz",
      "integrity": "sha512-rftlrkhHZOcjDwkGlnUtZZkvaPHCsDATp4pGpuOOMDaTdDDXF91wuVDJoWoPsKX/3YPQ5fHuF3STjcYyKr+Qhg==",
      "license": "MIT",
      "funding": {
        "url": "https://github.com/sponsors/colinhacks"
      }
    }
  }
}
